// !$*UTF8*$!
{
	archiveVersion = 1;
	classes = {
	};
	objectVersion = 55;
	objects = {

/* Begin PBXBuildFile section */
		358C98A389525FDFD510D8BA /* Pods_To_Do_list.framework in Frameworks */ = {isa = PBXBuildFile; fileRef = DAE3914F64215D29268E2F70 /* Pods_To_Do_list.framework */; };
		C6925F592871E77400FD1E1D /* AppDelegate.swift in Sources */ = {isa = PBXBuildFile; fileRef = C6925F582871E77400FD1E1D /* AppDelegate.swift */; };
		C6925F5B2871E77400FD1E1D /* SceneDelegate.swift in Sources */ = {isa = PBXBuildFile; fileRef = C6925F5A2871E77400FD1E1D /* SceneDelegate.swift */; };
		C6925F622871E77A00FD1E1D /* Assets.xcassets in Resources */ = {isa = PBXBuildFile; fileRef = C6925F612871E77A00FD1E1D /* Assets.xcassets */; };
		C6925F702871EB2400FD1E1D /* MainScreenTableViewController.swift in Sources */ = {isa = PBXBuildFile; fileRef = C6925F6F2871EB2400FD1E1D /* MainScreenTableViewController.swift */; };
		C6925F732871EB9500FD1E1D /* Model.swift in Sources */ = {isa = PBXBuildFile; fileRef = C6925F722871EB9500FD1E1D /* Model.swift */; };
		C6925F752871EDA000FD1E1D /* NoteTableViewCell.swift in Sources */ = {isa = PBXBuildFile; fileRef = C6925F742871EDA000FD1E1D /* NoteTableViewCell.swift */; };
/* End PBXBuildFile section */

/* Begin PBXFileReference section */
		468BD1AEE5FCBCC4B46FB2F2 /* Pods-To-Do list.debug.xcconfig */ = {isa = PBXFileReference; includeInIndex = 1; lastKnownFileType = text.xcconfig; name = "Pods-To-Do list.debug.xcconfig"; path = "Target Support Files/Pods-To-Do list/Pods-To-Do list.debug.xcconfig"; sourceTree = "<group>"; };
		B5D731EB9D03874D009C2C88 /* Pods-To-Do list.release.xcconfig */ = {isa = PBXFileReference; includeInIndex = 1; lastKnownFileType = text.xcconfig; name = "Pods-To-Do list.release.xcconfig"; path = "Target Support Files/Pods-To-Do list/Pods-To-Do list.release.xcconfig"; sourceTree = "<group>"; };
		C6925F552871E77400FD1E1D /* To-Do list.app */ = {isa = PBXFileReference; explicitFileType = wrapper.application; includeInIndex = 0; path = "To-Do list.app"; sourceTree = BUILT_PRODUCTS_DIR; };
		C6925F582871E77400FD1E1D /* AppDelegate.swift */ = {isa = PBXFileReference; lastKnownFileType = sourcecode.swift; path = AppDelegate.swift; sourceTree = "<group>"; };
		C6925F5A2871E77400FD1E1D /* SceneDelegate.swift */ = {isa = PBXFileReference; lastKnownFileType = sourcecode.swift; path = SceneDelegate.swift; sourceTree = "<group>"; };
		C6925F612871E77A00FD1E1D /* Assets.xcassets */ = {isa = PBXFileReference; lastKnownFileType = folder.assetcatalog; path = Assets.xcassets; sourceTree = "<group>"; };
		C6925F662871E77A00FD1E1D /* Info.plist */ = {isa = PBXFileReference; lastKnownFileType = text.plist.xml; path = Info.plist; sourceTree = "<group>"; };
		C6925F6F2871EB2400FD1E1D /* MainScreenTableViewController.swift */ = {isa = PBXFileReference; lastKnownFileType = sourcecode.swift; path = MainScreenTableViewController.swift; sourceTree = "<group>"; };
		C6925F722871EB9500FD1E1D /* Model.swift */ = {isa = PBXFileReference; lastKnownFileType = sourcecode.swift; path = Model.swift; sourceTree = "<group>"; };
		C6925F742871EDA000FD1E1D /* NoteTableViewCell.swift */ = {isa = PBXFileReference; lastKnownFileType = sourcecode.swift; path = NoteTableViewCell.swift; sourceTree = "<group>"; };
		DAE3914F64215D29268E2F70 /* Pods_To_Do_list.framework */ = {isa = PBXFileReference; explicitFileType = wrapper.framework; includeInIndex = 0; path = Pods_To_Do_list.framework; sourceTree = BUILT_PRODUCTS_DIR; };
/* End PBXFileReference section */

/* Begin PBXFrameworksBuildPhase section */
		C6925F522871E77400FD1E1D /* Frameworks */ = {
			isa = PBXFrameworksBuildPhase;
			buildActionMask = 2147483647;
			files = (
				358C98A389525FDFD510D8BA /* Pods_To_Do_list.framework in Frameworks */,
			);
			runOnlyForDeploymentPostprocessing = 0;
		};
/* End PBXFrameworksBuildPhase section */

/* Begin PBXGroup section */
		184324E3C5ADDBCB15FE741B /* Pods */ = {
			isa = PBXGroup;
			children = (
				468BD1AEE5FCBCC4B46FB2F2 /* Pods-To-Do list.debug.xcconfig */,
				B5D731EB9D03874D009C2C88 /* Pods-To-Do list.release.xcconfig */,
			);
			path = Pods;
			sourceTree = "<group>";
		};
		C6925F4C2871E77300FD1E1D = {
			isa = PBXGroup;
			children = (
				C6925F572871E77400FD1E1D /* To-Do list */,
				C6925F562871E77400FD1E1D /* Products */,
				184324E3C5ADDBCB15FE741B /* Pods */,
				E4BF03ADDEEF3F675CAB35CE /* Frameworks */,
			);
			sourceTree = "<group>";
		};
		C6925F562871E77400FD1E1D /* Products */ = {
			isa = PBXGroup;
			children = (
				C6925F552871E77400FD1E1D /* To-Do list.app */,
			);
			name = Products;
			sourceTree = "<group>";
		};
		C6925F572871E77400FD1E1D /* To-Do list */ = {
			isa = PBXGroup;
			children = (
				C6925F712871EB8300FD1E1D /* Model */,
				C6925F6C2871E7FF00FD1E1D /* SupportingFiles */,
				C6925F6D2871E80B00FD1E1D /* ViewControllers */,
				C6925F6E2871E82600FD1E1D /* Resources */,
			);
			path = "To-Do list";
			sourceTree = "<group>";
		};
		C6925F6C2871E7FF00FD1E1D /* SupportingFiles */ = {
			isa = PBXGroup;
			children = (
				C6925F582871E77400FD1E1D /* AppDelegate.swift */,
				C6925F5A2871E77400FD1E1D /* SceneDelegate.swift */,
				C6925F662871E77A00FD1E1D /* Info.plist */,
			);
			path = SupportingFiles;
			sourceTree = "<group>";
		};
		C6925F6D2871E80B00FD1E1D /* ViewControllers */ = {
			isa = PBXGroup;
			children = (
				C6925F6F2871EB2400FD1E1D /* MainScreenTableViewController.swift */,
				C6925F742871EDA000FD1E1D /* NoteTableViewCell.swift */,
			);
			path = ViewControllers;
			sourceTree = "<group>";
		};
		C6925F6E2871E82600FD1E1D /* Resources */ = {
			isa = PBXGroup;
			children = (
				C6925F612871E77A00FD1E1D /* Assets.xcassets */,
			);
			path = Resources;
			sourceTree = "<group>";
		};
		C6925F712871EB8300FD1E1D /* Model */ = {
			isa = PBXGroup;
			children = (
				C6925F722871EB9500FD1E1D /* Model.swift */,
			);
			path = Model;
			sourceTree = "<group>";
		};
		E4BF03ADDEEF3F675CAB35CE /* Frameworks */ = {
			isa = PBXGroup;
			children = (
				DAE3914F64215D29268E2F70 /* Pods_To_Do_list.framework */,
			);
			name = Frameworks;
			sourceTree = "<group>";
		};
/* End PBXGroup section */

/* Begin PBXNativeTarget section */
		C6925F542871E77400FD1E1D /* To-Do list */ = {
			isa = PBXNativeTarget;
			buildConfigurationList = C6925F692871E77A00FD1E1D /* Build configuration list for PBXNativeTarget "To-Do list" */;
			buildPhases = (
				7324B492206FB53C2CDB5C04 /* [CP] Check Pods Manifest.lock */,
				C6925F512871E77400FD1E1D /* Sources */,
				C6925F522871E77400FD1E1D /* Frameworks */,
				C6925F532871E77400FD1E1D /* Resources */,
				E97BA9DC11C7314F361C2A4E /* [CP] Embed Pods Frameworks */,
			);
			buildRules = (
			);
			dependencies = (
			);
			name = "To-Do list";
			productName = "To-Do list";
			productReference = C6925F552871E77400FD1E1D /* To-Do list.app */;
			productType = "com.apple.product-type.application";
		};
/* End PBXNativeTarget section */

/* Begin PBXProject section */
		C6925F4D2871E77300FD1E1D /* Project object */ = {
			isa = PBXProject;
			attributes = {
				BuildIndependentTargetsInParallel = 1;
				LastSwiftUpdateCheck = 1320;
				LastUpgradeCheck = 1320;
				TargetAttributes = {
					C6925F542871E77400FD1E1D = {
						CreatedOnToolsVersion = 13.2.1;
					};
				};
			};
			buildConfigurationList = C6925F502871E77300FD1E1D /* Build configuration list for PBXProject "To-Do list" */;
			compatibilityVersion = "Xcode 13.0";
			developmentRegion = en;
			hasScannedForEncodings = 0;
			knownRegions = (
				en,
				Base,
			);
			mainGroup = C6925F4C2871E77300FD1E1D;
			productRefGroup = C6925F562871E77400FD1E1D /* Products */;
			projectDirPath = "";
			projectRoot = "";
			targets = (
				C6925F542871E77400FD1E1D /* To-Do list */,
			);
		};
/* End PBXProject section */

/* Begin PBXResourcesBuildPhase section */
		C6925F532871E77400FD1E1D /* Resources */ = {
			isa = PBXResourcesBuildPhase;
			buildActionMask = 2147483647;
			files = (
				C6925F622871E77A00FD1E1D /* Assets.xcassets in Resources */,
			);
			runOnlyForDeploymentPostprocessing = 0;
		};
/* End PBXResourcesBuildPhase section */

/* Begin PBXShellScriptBuildPhase section */
		7324B492206FB53C2CDB5C04 /* [CP] Check Pods Manifest.lock */ = {
			isa = PBXShellScriptBuildPhase;
			buildActionMask = 2147483647;
			files = (
			);
			inputFileListPaths = (
			);
			inputPaths = (
				"${PODS_PODFILE_DIR_PATH}/Podfile.lock",
				"${PODS_ROOT}/Manifest.lock",
			);
			name = "[CP] Check Pods Manifest.lock";
			outputFileListPaths = (
			);
			outputPaths = (
				"$(DERIVED_FILE_DIR)/Pods-To-Do list-checkManifestLockResult.txt",
			);
			runOnlyForDeploymentPostprocessing = 0;
			shellPath = /bin/sh;
			shellScript = "diff \"${PODS_PODFILE_DIR_PATH}/Podfile.lock\" \"${PODS_ROOT}/Manifest.lock\" > /dev/null\nif [ $? != 0 ] ; then\n    # print error to STDERR\n    echo \"error: The sandbox is not in sync with the Podfile.lock. Run 'pod install' or update your CocoaPods installation.\" >&2\n    exit 1\nfi\n# This output is used by Xcode 'outputs' to avoid re-running this script phase.\necho \"SUCCESS\" > \"${SCRIPT_OUTPUT_FILE_0}\"\n";
			showEnvVarsInLog = 0;
		};
		E97BA9DC11C7314F361C2A4E /* [CP] Embed Pods Frameworks */ = {
			isa = PBXShellScriptBuildPhase;
			buildActionMask = 2147483647;
			files = (
			);
			inputFileListPaths = (
				"${PODS_ROOT}/Target Support Files/Pods-To-Do list/Pods-To-Do list-frameworks-${CONFIGURATION}-input-files.xcfilelist",
			);
			name = "[CP] Embed Pods Frameworks";
			outputFileListPaths = (
				"${PODS_ROOT}/Target Support Files/Pods-To-Do list/Pods-To-Do list-frameworks-${CONFIGURATION}-output-files.xcfilelist",
			);
			runOnlyForDeploymentPostprocessing = 0;
			shellPath = /bin/sh;
			shellScript = "\"${PODS_ROOT}/Target Support Files/Pods-To-Do list/Pods-To-Do list-frameworks.sh\"\n";
			showEnvVarsInLog = 0;
		};
/* End PBXShellScriptBuildPhase section */

/* Begin PBXSourcesBuildPhase section */
		C6925F512871E77400FD1E1D /* Sources */ = {
			isa = PBXSourcesBuildPhase;
			buildActionMask = 2147483647;
			files = (
				C6925F702871EB2400FD1E1D /* MainScreenTableViewController.swift in Sources */,
				C6925F592871E77400FD1E1D /* AppDelegate.swift in Sources */,
				C6925F5B2871E77400FD1E1D /* SceneDelegate.swift in Sources */,
				C6925F752871EDA000FD1E1D /* NoteTableViewCell.swift in Sources */,
				C6925F732871EB9500FD1E1D /* Model.swift in Sources */,
			);
			runOnlyForDeploymentPostprocessing = 0;
		};
/* End PBXSourcesBuildPhase section */

/* Begin XCBuildConfiguration section */
		C6925F672871E77A00FD1E1D /* Debug */ = {
			isa = XCBuildConfiguration;
			buildSettings = {
				ALWAYS_SEARCH_USER_PATHS = NO;
				CLANG_ANALYZER_NONNULL = YES;
				CLANG_ANALYZER_NUMBER_OBJECT_CONVERSION = YES_AGGRESSIVE;
				CLANG_CXX_LANGUAGE_STANDARD = "gnu++17";
				CLANG_CXX_LIBRARY = "libc++";
				CLANG_ENABLE_MODULES = YES;
				CLANG_ENABLE_OBJC_ARC = YES;
				CLANG_ENABLE_OBJC_WEAK = YES;
				CLANG_WARN_BLOCK_CAPTURE_AUTORELEASING = YES;
				CLANG_WARN_BOOL_CONVERSION = YES;
				CLANG_WARN_COMMA = YES;
				CLANG_WARN_CONSTANT_CONVERSION = YES;
				CLANG_WARN_DEPRECATED_OBJC_IMPLEMENTATIONS = YES;
				CLANG_WARN_DIRECT_OBJC_ISA_USAGE = YES_ERROR;
				CLANG_WARN_DOCUMENTATION_COMMENTS = YES;
				CLANG_WARN_EMPTY_BODY = YES;
				CLANG_WARN_ENUM_CONVERSION = YES;
				CLANG_WARN_INFINITE_RECURSION = YES;
				CLANG_WARN_INT_CONVERSION = YES;
				CLANG_WARN_NON_LITERAL_NULL_CONVERSION = YES;
				CLANG_WARN_OBJC_IMPLICIT_RETAIN_SELF = YES;
				CLANG_WARN_OBJC_LITERAL_CONVERSION = YES;
				CLANG_WARN_OBJC_ROOT_CLASS = YES_ERROR;
				CLANG_WARN_QUOTED_INCLUDE_IN_FRAMEWORK_HEADER = YES;
				CLANG_WARN_RANGE_LOOP_ANALYSIS = YES;
				CLANG_WARN_STRICT_PROTOTYPES = YES;
				CLANG_WARN_SUSPICIOUS_MOVE = YES;
				CLANG_WARN_UNGUARDED_AVAILABILITY = YES_AGGRESSIVE;
				CLANG_WARN_UNREACHABLE_CODE = YES;
				CLANG_WARN__DUPLICATE_METHOD_MATCH = YES;
				COPY_PHASE_STRIP = NO;
				DEBUG_INFORMATION_FORMAT = dwarf;
				ENABLE_STRICT_OBJC_MSGSEND = YES;
				ENABLE_TESTABILITY = YES;
				GCC_C_LANGUAGE_STANDARD = gnu11;
				GCC_DYNAMIC_NO_PIC = NO;
				GCC_NO_COMMON_BLOCKS = YES;
				GCC_OPTIMIZATION_LEVEL = 0;
				GCC_PREPROCESSOR_DEFINITIONS = (
					"DEBUG=1",
					"$(inherited)",
				);
				GCC_WARN_64_TO_32_BIT_CONVERSION = YES;
				GCC_WARN_ABOUT_RETURN_TYPE = YES_ERROR;
				GCC_WARN_UNDECLARED_SELECTOR = YES;
				GCC_WARN_UNINITIALIZED_AUTOS = YES_AGGRESSIVE;
				GCC_WARN_UNUSED_FUNCTION = YES;
				GCC_WARN_UNUSED_VARIABLE = YES;
				IPHONEOS_DEPLOYMENT_TARGET = 15.2;
				MTL_ENABLE_DEBUG_INFO = INCLUDE_SOURCE;
				MTL_FAST_MATH = YES;
				ONLY_ACTIVE_ARCH = YES;
				SDKROOT = iphoneos;
				SWIFT_ACTIVE_COMPILATION_CONDITIONS = DEBUG;
				SWIFT_OPTIMIZATION_LEVEL = "-Onone";
			};
			name = Debug;
		};
		C6925F682871E77A00FD1E1D /* Release */ = {
			isa = XCBuildConfiguration;
			buildSettings = {
				ALWAYS_SEARCH_USER_PATHS = NO;
				CLANG_ANALYZER_NONNULL = YES;
				CLANG_ANALYZER_NUMBER_OBJECT_CONVERSION = YES_AGGRESSIVE;
				CLANG_CXX_LANGUAGE_STANDARD = "gnu++17";
				CLANG_CXX_LIBRARY = "libc++";
				CLANG_ENABLE_MODULES = YES;
				CLANG_ENABLE_OBJC_ARC = YES;
				CLANG_ENABLE_OBJC_WEAK = YES;
				CLANG_WARN_BLOCK_CAPTURE_AUTORELEASING = YES;
				CLANG_WARN_BOOL_CONVERSION = YES;
				CLANG_WARN_COMMA = YES;
				CLANG_WARN_CONSTANT_CONVERSION = YES;
				CLANG_WARN_DEPRECATED_OBJC_IMPLEMENTATIONS = YES;
				CLANG_WARN_DIRECT_OBJC_ISA_USAGE = YES_ERROR;
				CLANG_WARN_DOCUMENTATION_COMMENTS = YES;
				CLANG_WARN_EMPTY_BODY = YES;
				CLANG_WARN_ENUM_CONVERSION = YES;
				CLANG_WARN_INFINITE_RECURSION = YES;
				CLANG_WARN_INT_CONVERSION = YES;
				CLANG_WARN_NON_LITERAL_NULL_CONVERSION = YES;
				CLANG_WARN_OBJC_IMPLICIT_RETAIN_SELF = YES;
				CLANG_WARN_OBJC_LITERAL_CONVERSION = YES;
				CLANG_WARN_OBJC_ROOT_CLASS = YES_ERROR;
				CLANG_WARN_QUOTED_INCLUDE_IN_FRAMEWORK_HEADER = YES;
				CLANG_WARN_RANGE_LOOP_ANALYSIS = YES;
				CLANG_WARN_STRICT_PROTOTYPES = YES;
				CLANG_WARN_SUSPICIOUS_MOVE = YES;
				CLANG_WARN_UNGUARDED_AVAILABILITY = YES_AGGRESSIVE;
				CLANG_WARN_UNREACHABLE_CODE = YES;
				CLANG_WARN__DUPLICATE_METHOD_MATCH = YES;
				COPY_PHASE_STRIP = NO;
				DEBUG_INFORMATION_FORMAT = "dwarf-with-dsym";
				ENABLE_NS_ASSERTIONS = NO;
				ENABLE_STRICT_OBJC_MSGSEND = YES;
				GCC_C_LANGUAGE_STANDARD = gnu11;
				GCC_NO_COMMON_BLOCKS = YES;
				GCC_WARN_64_TO_32_BIT_CONVERSION = YES;
				GCC_WARN_ABOUT_RETURN_TYPE = YES_ERROR;
				GCC_WARN_UNDECLARED_SELECTOR = YES;
				GCC_WARN_UNINITIALIZED_AUTOS = YES_AGGRESSIVE;
				GCC_WARN_UNUSED_FUNCTION = YES;
				GCC_WARN_UNUSED_VARIABLE = YES;
				IPHONEOS_DEPLOYMENT_TARGET = 15.2;
				MTL_ENABLE_DEBUG_INFO = NO;
				MTL_FAST_MATH = YES;
				SDKROOT = iphoneos;
				SWIFT_COMPILATION_MODE = wholemodule;
				SWIFT_OPTIMIZATION_LEVEL = "-O";
				VALIDATE_PRODUCT = YES;
			};
			name = Release;
		};
		C6925F6A2871E77A00FD1E1D /* Debug */ = {
			isa = XCBuildConfiguration;
			baseConfigurationReference = 468BD1AEE5FCBCC4B46FB2F2 /* Pods-To-Do list.debug.xcconfig */;
			buildSettings = {
				ASSETCATALOG_COMPILER_APPICON_NAME = AppIcon;
				ASSETCATALOG_COMPILER_GLOBAL_ACCENT_COLOR_NAME = AccentColor;
				CODE_SIGN_STYLE = Automatic;
				CURRENT_PROJECT_VERSION = 1;
				DEVELOPMENT_TEAM = 4TJPW8JB3X;
				GENERATE_INFOPLIST_FILE = YES;
				INFOPLIST_FILE = "To-Do list/SupportingFiles/Info.plist";
				INFOPLIST_KEY_UIApplicationSupportsIndirectInputEvents = YES;
				INFOPLIST_KEY_UILaunchStoryboardName = LaunchScreen;
				INFOPLIST_KEY_UISupportedInterfaceOrientations_iPad = "UIInterfaceOrientationPortrait UIInterfaceOrientationPortraitUpsideDown UIInterfaceOrientationLandscapeLeft UIInterfaceOrientationLandscapeRight";
				INFOPLIST_KEY_UISupportedInterfaceOrientations_iPhone = "UIInterfaceOrientationPortrait UIInterfaceOrientationLandscapeLeft UIInterfaceOrientationLandscapeRight";
				LD_RUNPATH_SEARCH_PATHS = (
					"$(inherited)",
					"@executable_path/Frameworks",
				);
				MARKETING_VERSION = 1.0;
				PRODUCT_BUNDLE_IDENTIFIER = "com.MachPan.To-Do-list";
				PRODUCT_NAME = "$(TARGET_NAME)";
				SWIFT_EMIT_LOC_STRINGS = YES;
				SWIFT_VERSION = 5.0;
				TARGETED_DEVICE_FAMILY = 1;
			};
			name = Debug;
		};
		C6925F6B2871E77A00FD1E1D /* Release */ = {
			isa = XCBuildConfiguration;
			baseConfigurationReference = B5D731EB9D03874D009C2C88 /* Pods-To-Do list.release.xcconfig */;
			buildSettings = {
				ASSETCATALOG_COMPILER_APPICON_NAME = AppIcon;
				ASSETCATALOG_COMPILER_GLOBAL_ACCENT_COLOR_NAME = AccentColor;
				CODE_SIGN_STYLE = Automatic;
				CURRENT_PROJECT_VERSION = 1;
				DEVELOPMENT_TEAM = 4TJPW8JB3X;
				GENERATE_INFOPLIST_FILE = YES;
				INFOPLIST_FILE = "To-Do list/SupportingFiles/Info.plist";
				INFOPLIST_KEY_UIApplicationSupportsIndirectInputEvents = YES;
				INFOPLIST_KEY_UILaunchStoryboardName = LaunchScreen;
				INFOPLIST_KEY_UISupportedInterfaceOrientations_iPad = "UIInterfaceOrientationPortrait UIInterfaceOrientationPortraitUpsideDown UIInterfaceOrientationLandscapeLeft UIInterfaceOrientationLandscapeRight";
				INFOPLIST_KEY_UISupportedInterfaceOrientations_iPhone = "UIInterfaceOrientationPortrait UIInterfaceOrientationLandscapeLeft UIInterfaceOrientationLandscapeRight";
				LD_RUNPATH_SEARCH_PATHS = (
					"$(inherited)",
					"@executable_path/Frameworks",
				);
				MARKETING_VERSION = 1.0;
				PRODUCT_BUNDLE_IDENTIFIER = "com.MachPan.To-Do-list";
				PRODUCT_NAME = "$(TARGET_NAME)";
				SWIFT_EMIT_LOC_STRINGS = YES;
				SWIFT_VERSION = 5.0;
				TARGETED_DEVICE_FAMILY = 1;
			};
			name = Release;
		};
/* End XCBuildConfiguration section */

/* Begin XCConfigurationList section */
		C6925F502871E77300FD1E1D /* Build configuration list for PBXProject "To-Do list" */ = {
			isa = XCConfigurationList;
			buildConfigurations = (
				C6925F672871E77A00FD1E1D /* Debug */,
				C6925F682871E77A00FD1E1D /* Release */,
			);
			defaultConfigurationIsVisible = 0;
			defaultConfigurationName = Release;
		};
		C6925F692871E77A00FD1E1D /* Build configuration list for PBXNativeTarget "To-Do list" */ = {
			isa = XCConfigurationList;
			buildConfigurations = (
				C6925F6A2871E77A00FD1E1D /* Debug */,
				C6925F6B2871E77A00FD1E1D /* Release */,
			);
			defaultConfigurationIsVisible = 0;
			defaultConfigurationName = Release;
		};
/* End XCConfigurationList section */
	};
	rootObject = C6925F4D2871E77300FD1E1D /* Project object */;
}
